{
  "name": "jornada-spotify",
  "version": "1.0.0",
  "lockfileVersion": 3,
  "requires": true,
  "packages": {
    "": {
      "name": "jornada-spotify",
      "version": "1.0.0",
      "license": "ISC",
      "dependencies": {
        "jornada-spotify": "file:"
      }
    },
    "node_modules/jornada-spotify": {
      "resolved": "",
      "link": true
    }
  }
}
